
Microsoft Visual Studio Solution File, Format Version 12.00
# Visual Studio Version 16
VisualStudioVersion = 16.0.31624.102
MinimumVisualStudioVersion = 10.0.40219.1
Project("{FAE04EC0-301F-11D3-BF4B-00C04F79EFBC}") = "SpaceInvaderJaMa", "SpaceInvaderJaMa.csproj", "{B49339D4-96D7-4581-8F34-2FD1104EC325}"
EndProject
Global
	GlobalSection(SolutionConfigurationPlatforms) = preSolution
		Debug|x86 = Debug|x86
		Release|x86 = Release|x86
	EndGlobalSection
	GlobalSection(ProjectConfigurationPlatforms) = postSolution
		{B49339D4-96D7-4581-8F34-2FD1104EC325}.Debug|x86.ActiveCfg = Debug|x86
		{B49339D4-96D7-4581-8F34-2FD1104EC325}.Debug|x86.Build.0 = Debug|x86
		{B49339D4-96D7-4581-8F34-2FD1104EC325}.Release|x86.ActiveCfg = Release|x86
		{B49339D4-96D7-4581-8F34-2FD1104EC325}.Release|x86.Build.0 = Release|x86
	EndGlobalSection
	GlobalSection(SolutionProperties) = preSolution
		HideSolutionNode = FALSE
	EndGlobalSection
	GlobalSection(ExtensibilityGlobals) = postSolution
		SolutionGuid = {EEFA1CE3-EAF3-48DB-BDD0-226D84D71C98}
	EndGlobalSection
EndGlobal
